
Microsoft Visual Studio Solution File, Format Version 12.00
# Visual Studio Version 17
VisualStudioVersion = 17.12.35527.113
MinimumVisualStudioVersion = 10.0.40219.1
Project("{2150E333-8FDC-42A3-9474-1A3956D46DE8}") = "1. Enterprise Business Rules", "1. Enterprise Business Rules", "{B8212697-0AA0-4494-BFB4-C6DD94CAA293}"
EndProject
Project("{2150E333-8FDC-42A3-9474-1A3956D46DE8}") = "2. Application Business Rules", "2. Application Business Rules", "{979C0A48-FAA8-42CE-903C-1F6810248100}"
EndProject
Project("{2150E333-8FDC-42A3-9474-1A3956D46DE8}") = "3. Interface Adapters", "3. Interface Adapters", "{FF97B0D0-6E60-448B-A13F-86EB25C59801}"
EndProject
Project("{2150E333-8FDC-42A3-9474-1A3956D46DE8}") = "4. Frameworks and Drivers", "4. Frameworks and Drivers", "{8910A4E9-1EDD-4BE9-8798-58C938492C0A}"
EndProject
Project("{FAE04EC0-301F-11D3-BF4B-00C04F79EFBC}") = "PruebaTecnicaHexagonal.Entities", "PruebaTecnicaHexagonal.Entities\PruebaTecnicaHexagonal.Entities.csproj", "{44DF6FDB-6302-412F-AFD3-C2B879CCC385}"
EndProject
Project("{FAE04EC0-301F-11D3-BF4B-00C04F79EFBC}") = "PruebaTecnicaHexagonal.DTOs", "PruebaTecnicaHexagonal.DTOs\PruebaTecnicaHexagonal.DTOs.csproj", "{3C7E84C4-448D-4474-B009-BB7BC635C8F2}"
EndProject
Project("{FAE04EC0-301F-11D3-BF4B-00C04F79EFBC}") = "PruebaTecnicaHexagonal.UseCases", "PruebaTecnicaHexagonal.UseCases\PruebaTecnicaHexagonal.UseCases.csproj", "{15919B68-92F8-4F1B-97AA-4FC231F598AF}"
EndProject
Project("{FAE04EC0-301F-11D3-BF4B-00C04F79EFBC}") = "PruebaTecnicaHexagonal.UseCasesPorts", "PruebaTecnicaHexagonal.UseCasesPorts\PruebaTecnicaHexagonal.UseCasesPorts.csproj", "{646BDBDB-7537-419F-9904-E60FD70FFE20}"
EndProject
Project("{2150E333-8FDC-42A3-9474-1A3956D46DE8}") = "Controllers", "Controllers", "{15F7C70D-7429-48FF-9932-730B9DED7D9E}"
EndProject
Project("{2150E333-8FDC-42A3-9474-1A3956D46DE8}") = "Gateways", "Gateways", "{C025FCF6-CEB0-4339-A11B-55CAD8BAACA6}"
EndProject
Project("{2150E333-8FDC-42A3-9474-1A3956D46DE8}") = "Presenters", "Presenters", "{CACB5634-224A-4053-A485-81021315ABC5}"
EndProject
Project("{FAE04EC0-301F-11D3-BF4B-00C04F79EFBC}") = "PruebaTecnicaHexagonal.RepositoryEFCore", "PruebaTecnicaHexagonal.RepositoryEFCore\PruebaTecnicaHexagonal.RepositoryEFCore.csproj", "{06C95B3C-24D7-497A-A655-205C79FF9A33}"
EndProject
Project("{FAE04EC0-301F-11D3-BF4B-00C04F79EFBC}") = "PruebaTecnicaHexagonal.Presenters", "PruebaTecnicaHexagonal.Presenters\PruebaTecnicaHexagonal.Presenters.csproj", "{44446666-DF4F-4C7D-8B5C-03D905A6A5DA}"
EndProject
Project("{FAE04EC0-301F-11D3-BF4B-00C04F79EFBC}") = "PruebaTecnicaHexagonal.Controllers", "PruebaTecnicaHexagonal.Controllers\PruebaTecnicaHexagonal.Controllers.csproj", "{F2D03271-4F8A-46AC-B015-EBFF18B9F1DA}"
EndProject
Project("{FAE04EC0-301F-11D3-BF4B-00C04F79EFBC}") = "PruebaTecnicaHexagonal.IoC", "PruebaTecnicaHexagonal.IoC\PruebaTecnicaHexagonal.IoC.csproj", "{51AD2A33-934C-41B6-BD9F-CDB13B5D3DF3}"
EndProject
Project("{2150E333-8FDC-42A3-9474-1A3956D46DE8}") = "UIs", "UIs", "{C41019FE-68F1-4471-8EDF-2C5E1E885C8C}"
EndProject
Project("{FAE04EC0-301F-11D3-BF4B-00C04F79EFBC}") = "PruebaTecnicaHexagonal.Api", "PruebaTecnicaHexagonal.Api\PruebaTecnicaHexagonal.Api.csproj", "{D05DBD9C-0C0B-4427-A4F6-480A20104844}"
EndProject
Global
	GlobalSection(SolutionConfigurationPlatforms) = preSolution
		Debug|Any CPU = Debug|Any CPU
		Release|Any CPU = Release|Any CPU
	EndGlobalSection
	GlobalSection(ProjectConfigurationPlatforms) = postSolution
		{44DF6FDB-6302-412F-AFD3-C2B879CCC385}.Debug|Any CPU.ActiveCfg = Debug|Any CPU
		{44DF6FDB-6302-412F-AFD3-C2B879CCC385}.Debug|Any CPU.Build.0 = Debug|Any CPU
		{44DF6FDB-6302-412F-AFD3-C2B879CCC385}.Release|Any CPU.ActiveCfg = Release|Any CPU
		{44DF6FDB-6302-412F-AFD3-C2B879CCC385}.Release|Any CPU.Build.0 = Release|Any CPU
		{3C7E84C4-448D-4474-B009-BB7BC635C8F2}.Debug|Any CPU.ActiveCfg = Debug|Any CPU
		{3C7E84C4-448D-4474-B009-BB7BC635C8F2}.Debug|Any CPU.Build.0 = Debug|Any CPU
		{3C7E84C4-448D-4474-B009-BB7BC635C8F2}.Release|Any CPU.ActiveCfg = Release|Any CPU
		{3C7E84C4-448D-4474-B009-BB7BC635C8F2}.Release|Any CPU.Build.0 = Release|Any CPU
		{15919B68-92F8-4F1B-97AA-4FC231F598AF}.Debug|Any CPU.ActiveCfg = Debug|Any CPU
		{15919B68-92F8-4F1B-97AA-4FC231F598AF}.Debug|Any CPU.Build.0 = Debug|Any CPU
		{15919B68-92F8-4F1B-97AA-4FC231F598AF}.Release|Any CPU.ActiveCfg = Release|Any CPU
		{15919B68-92F8-4F1B-97AA-4FC231F598AF}.Release|Any CPU.Build.0 = Release|Any CPU
		{646BDBDB-7537-419F-9904-E60FD70FFE20}.Debug|Any CPU.ActiveCfg = Debug|Any CPU
		{646BDBDB-7537-419F-9904-E60FD70FFE20}.Debug|Any CPU.Build.0 = Debug|Any CPU
		{646BDBDB-7537-419F-9904-E60FD70FFE20}.Release|Any CPU.ActiveCfg = Release|Any CPU
		{646BDBDB-7537-419F-9904-E60FD70FFE20}.Release|Any CPU.Build.0 = Release|Any CPU
		{06C95B3C-24D7-497A-A655-205C79FF9A33}.Debug|Any CPU.ActiveCfg = Debug|Any CPU
		{06C95B3C-24D7-497A-A655-205C79FF9A33}.Debug|Any CPU.Build.0 = Debug|Any CPU
		{06C95B3C-24D7-497A-A655-205C79FF9A33}.Release|Any CPU.ActiveCfg = Release|Any CPU
		{06C95B3C-24D7-497A-A655-205C79FF9A33}.Release|Any CPU.Build.0 = Release|Any CPU
		{44446666-DF4F-4C7D-8B5C-03D905A6A5DA}.Debug|Any CPU.ActiveCfg = Debug|Any CPU
		{44446666-DF4F-4C7D-8B5C-03D905A6A5DA}.Debug|Any CPU.Build.0 = Debug|Any CPU
		{44446666-DF4F-4C7D-8B5C-03D905A6A5DA}.Release|Any CPU.ActiveCfg = Release|Any CPU
		{44446666-DF4F-4C7D-8B5C-03D905A6A5DA}.Release|Any CPU.Build.0 = Release|Any CPU
		{F2D03271-4F8A-46AC-B015-EBFF18B9F1DA}.Debug|Any CPU.ActiveCfg = Debug|Any CPU
		{F2D03271-4F8A-46AC-B015-EBFF18B9F1DA}.Debug|Any CPU.Build.0 = Debug|Any CPU
		{F2D03271-4F8A-46AC-B015-EBFF18B9F1DA}.Release|Any CPU.ActiveCfg = Release|Any CPU
		{F2D03271-4F8A-46AC-B015-EBFF18B9F1DA}.Release|Any CPU.Build.0 = Release|Any CPU
		{51AD2A33-934C-41B6-BD9F-CDB13B5D3DF3}.Debug|Any CPU.ActiveCfg = Debug|Any CPU
		{51AD2A33-934C-41B6-BD9F-CDB13B5D3DF3}.Debug|Any CPU.Build.0 = Debug|Any CPU
		{51AD2A33-934C-41B6-BD9F-CDB13B5D3DF3}.Release|Any CPU.ActiveCfg = Release|Any CPU
		{51AD2A33-934C-41B6-BD9F-CDB13B5D3DF3}.Release|Any CPU.Build.0 = Release|Any CPU
		{D05DBD9C-0C0B-4427-A4F6-480A20104844}.Debug|Any CPU.ActiveCfg = Debug|Any CPU
		{D05DBD9C-0C0B-4427-A4F6-480A20104844}.Debug|Any CPU.Build.0 = Debug|Any CPU
		{D05DBD9C-0C0B-4427-A4F6-480A20104844}.Release|Any CPU.ActiveCfg = Release|Any CPU
		{D05DBD9C-0C0B-4427-A4F6-480A20104844}.Release|Any CPU.Build.0 = Release|Any CPU
	EndGlobalSection
	GlobalSection(SolutionProperties) = preSolution
		HideSolutionNode = FALSE
	EndGlobalSection
	GlobalSection(NestedProjects) = preSolution
		{44DF6FDB-6302-412F-AFD3-C2B879CCC385} = {B8212697-0AA0-4494-BFB4-C6DD94CAA293}
		{3C7E84C4-448D-4474-B009-BB7BC635C8F2} = {979C0A48-FAA8-42CE-903C-1F6810248100}
		{15919B68-92F8-4F1B-97AA-4FC231F598AF} = {979C0A48-FAA8-42CE-903C-1F6810248100}
		{646BDBDB-7537-419F-9904-E60FD70FFE20} = {979C0A48-FAA8-42CE-903C-1F6810248100}
		{15F7C70D-7429-48FF-9932-730B9DED7D9E} = {FF97B0D0-6E60-448B-A13F-86EB25C59801}
		{C025FCF6-CEB0-4339-A11B-55CAD8BAACA6} = {FF97B0D0-6E60-448B-A13F-86EB25C59801}
		{CACB5634-224A-4053-A485-81021315ABC5} = {FF97B0D0-6E60-448B-A13F-86EB25C59801}
		{06C95B3C-24D7-497A-A655-205C79FF9A33} = {C025FCF6-CEB0-4339-A11B-55CAD8BAACA6}
		{44446666-DF4F-4C7D-8B5C-03D905A6A5DA} = {CACB5634-224A-4053-A485-81021315ABC5}
		{F2D03271-4F8A-46AC-B015-EBFF18B9F1DA} = {15F7C70D-7429-48FF-9932-730B9DED7D9E}
		{51AD2A33-934C-41B6-BD9F-CDB13B5D3DF3} = {C025FCF6-CEB0-4339-A11B-55CAD8BAACA6}
		{C41019FE-68F1-4471-8EDF-2C5E1E885C8C} = {8910A4E9-1EDD-4BE9-8798-58C938492C0A}
		{D05DBD9C-0C0B-4427-A4F6-480A20104844} = {C41019FE-68F1-4471-8EDF-2C5E1E885C8C}
	EndGlobalSection
EndGlobal
